
Microsoft Visual Studio Solution File, Format Version 12.00
# Visual Studio Version 17
VisualStudioVersion = 17.8.34309.116
MinimumVisualStudioVersion = 10.0.40219.1
Project("{FAE04EC0-301F-11D3-BF4B-00C04F79EFBC}") = "VenusHR.API", "VenusHR.API\VenusHR.API.csproj", "{36FB6711-8A3E-40F4-8E78-43384B58996B}"
EndProject
Project("{FAE04EC0-301F-11D3-BF4B-00C04F79EFBC}") = "VenusHR.Core", "VenusHR.Core\VenusHR.Core.csproj", "{D6ED80C3-EE79-47FF-A76A-19EB05D6A911}"
EndProject
Project("{FAE04EC0-301F-11D3-BF4B-00C04F79EFBC}") = "VenusHR.Application", "VenusHR.Application\VenusHR.Application.csproj", "{1B9DFB7A-8E17-41A9-9B88-6AA6FCF68E7D}"
EndProject
Project("{FAE04EC0-301F-11D3-BF4B-00C04F79EFBC}") = "VenusHR.Infrastructure", "VenusHR.Infrastructure\VenusHR.Infrastructure.csproj", "{86ED7F22-D74E-409D-B3AF-3EBE9644CAA6}"
EndProject
Global
	GlobalSection(SolutionConfigurationPlatforms) = preSolution
		Debug|Any CPU = Debug|Any CPU
		Release|Any CPU = Release|Any CPU
	EndGlobalSection
	GlobalSection(ProjectConfigurationPlatforms) = postSolution
		{36FB6711-8A3E-40F4-8E78-43384B58996B}.Debug|Any CPU.ActiveCfg = Debug|Any CPU
		{36FB6711-8A3E-40F4-8E78-43384B58996B}.Debug|Any CPU.Build.0 = Debug|Any CPU
		{36FB6711-8A3E-40F4-8E78-43384B58996B}.Release|Any CPU.ActiveCfg = Release|Any CPU
		{36FB6711-8A3E-40F4-8E78-43384B58996B}.Release|Any CPU.Build.0 = Release|Any CPU
		{D6ED80C3-EE79-47FF-A76A-19EB05D6A911}.Debug|Any CPU.ActiveCfg = Debug|Any CPU
		{D6ED80C3-EE79-47FF-A76A-19EB05D6A911}.Debug|Any CPU.Build.0 = Debug|Any CPU
		{D6ED80C3-EE79-47FF-A76A-19EB05D6A911}.Release|Any CPU.ActiveCfg = Release|Any CPU
		{D6ED80C3-EE79-47FF-A76A-19EB05D6A911}.Release|Any CPU.Build.0 = Release|Any CPU
		{1B9DFB7A-8E17-41A9-9B88-6AA6FCF68E7D}.Debug|Any CPU.ActiveCfg = Debug|Any CPU
		{1B9DFB7A-8E17-41A9-9B88-6AA6FCF68E7D}.Debug|Any CPU.Build.0 = Debug|Any CPU
		{1B9DFB7A-8E17-41A9-9B88-6AA6FCF68E7D}.Release|Any CPU.ActiveCfg = Release|Any CPU
		{1B9DFB7A-8E17-41A9-9B88-6AA6FCF68E7D}.Release|Any CPU.Build.0 = Release|Any CPU
		{86ED7F22-D74E-409D-B3AF-3EBE9644CAA6}.Debug|Any CPU.ActiveCfg = Debug|Any CPU
		{86ED7F22-D74E-409D-B3AF-3EBE9644CAA6}.Debug|Any CPU.Build.0 = Debug|Any CPU
		{86ED7F22-D74E-409D-B3AF-3EBE9644CAA6}.Release|Any CPU.ActiveCfg = Release|Any CPU
		{86ED7F22-D74E-409D-B3AF-3EBE9644CAA6}.Release|Any CPU.Build.0 = Release|Any CPU
	EndGlobalSection
	GlobalSection(SolutionProperties) = preSolution
		HideSolutionNode = FALSE
	EndGlobalSection
	GlobalSection(ExtensibilityGlobals) = postSolution
		SolutionGuid = {9E2A76EE-9F96-4E0D-A9AA-CBF9AE9AF24A}
	EndGlobalSection
EndGlobal
